
Microsoft Visual Studio Solution File, Format Version 12.00
# Visual Studio Version 17
VisualStudioVersion = 17.7.34221.43
MinimumVisualStudioVersion = 10.0.40219.1
Project("{FAE04EC0-301F-11D3-BF4B-00C04F79EFBC}") = "AmbulanceManagement", "AmbulanceManagement\AmbulanceManagement.csproj", "{A5A67CFC-A1D8-4D6C-BFC0-0E0D803CDAD2}"
EndProject
Global
	GlobalSection(SolutionConfigurationPlatforms) = preSolution
		Debug|Any CPU = Debug|Any CPU
		Release|Any CPU = Release|Any CPU
	EndGlobalSection
	GlobalSection(ProjectConfigurationPlatforms) = postSolution
		{A5A67CFC-A1D8-4D6C-BFC0-0E0D803CDAD2}.Debug|Any CPU.ActiveCfg = Debug|Any CPU
		{A5A67CFC-A1D8-4D6C-BFC0-0E0D803CDAD2}.Debug|Any CPU.Build.0 = Debug|Any CPU
		{A5A67CFC-A1D8-4D6C-BFC0-0E0D803CDAD2}.Release|Any CPU.ActiveCfg = Release|Any CPU
		{A5A67CFC-A1D8-4D6C-BFC0-0E0D803CDAD2}.Release|Any CPU.Build.0 = Release|Any CPU
	EndGlobalSection
	GlobalSection(SolutionProperties) = preSolution
		HideSolutionNode = FALSE
	EndGlobalSection
	GlobalSection(ExtensibilityGlobals) = postSolution
		SolutionGuid = {D3CC4FF4-6221-450A-937B-51CD4DA029F0}
	EndGlobalSection
EndGlobal
